
Microsoft Visual Studio Solution File, Format Version 12.00
# Visual Studio Version 17
VisualStudioVersion = 17.8.34322.80
MinimumVisualStudioVersion = 10.0.40219.1
Project("{FAE04EC0-301F-11D3-BF4B-00C04F79EFBC}") = "CRM Robyline", "CRM Robyline\CRM Robyline.csproj", "{26BB9898-DFE4-49D9-8AE9-8F13D54B4F64}"
EndProject
Global
	GlobalSection(SolutionConfigurationPlatforms) = preSolution
		Debug|Any CPU = Debug|Any CPU
		Release|Any CPU = Release|Any CPU
	EndGlobalSection
	GlobalSection(ProjectConfigurationPlatforms) = postSolution
		{26BB9898-DFE4-49D9-8AE9-8F13D54B4F64}.Debug|Any CPU.ActiveCfg = Debug|Any CPU
		{26BB9898-DFE4-49D9-8AE9-8F13D54B4F64}.Debug|Any CPU.Build.0 = Debug|Any CPU
		{26BB9898-DFE4-49D9-8AE9-8F13D54B4F64}.Release|Any CPU.ActiveCfg = Release|Any CPU
		{26BB9898-DFE4-49D9-8AE9-8F13D54B4F64}.Release|Any CPU.Build.0 = Release|Any CPU
	EndGlobalSection
	GlobalSection(SolutionProperties) = preSolution
		HideSolutionNode = FALSE
	EndGlobalSection
	GlobalSection(ExtensibilityGlobals) = postSolution
		SolutionGuid = {E7886608-3F1C-495B-A10E-4C040B049F9F}
	EndGlobalSection
EndGlobal
